// !$*UTF8*$!
{
	archiveVersion = 1;
	classes = {
	};
	objectVersion = 50;
	objects = {

/* Begin PBXBuildFile section */
		3F88AF6B2196A22D005E489A /* AppDelegate.swift in Sources */ = {isa = PBXBuildFile; fileRef = 3F88AF6A2196A22D005E489A /* AppDelegate.swift */; };
		3F88AF6D2196A22D005E489A /* ViewController.swift in Sources */ = {isa = PBXBuildFile; fileRef = 3F88AF6C2196A22D005E489A /* ViewController.swift */; };
		3F88AF702196A22D005E489A /* Main.storyboard in Resources */ = {isa = PBXBuildFile; fileRef = 3F88AF6E2196A22D005E489A /* Main.storyboard */; };
		3F88AF722196A22E005E489A /* Assets.xcassets in Resources */ = {isa = PBXBuildFile; fileRef = 3F88AF712196A22E005E489A /* Assets.xcassets */; };
		3F88AF752196A22E005E489A /* LaunchScreen.storyboard in Resources */ = {isa = PBXBuildFile; fileRef = 3F88AF732196A22E005E489A /* LaunchScreen.storyboard */; };
		3F88AF802196A22E005E489A /* MyGuestureTests.swift in Sources */ = {isa = PBXBuildFile; fileRef = 3F88AF7F2196A22E005E489A /* MyGuestureTests.swift */; };
/* End PBXBuildFile section */

/* Begin PBXContainerItemProxy section */
		3F88AF7C2196A22E005E489A /* PBXContainerItemProxy */ = {
			isa = PBXContainerItemProxy;
			containerPortal = 3F88AF5F2196A22D005E489A /* Project object */;
			proxyType = 1;
			remoteGlobalIDString = 3F88AF662196A22D005E489A;
			remoteInfo = MyGuesture;
		};
/* End PBXContainerItemProxy section */

/* Begin PBXFileReference section */
		3F88AF672196A22D005E489A /* MyGuesture.app */ = {isa = PBXFileReference; explicitFileType = wrapper.application; includeInIndex = 0; path = MyGuesture.app; sourceTree = BUILT_PRODUCTS_DIR; };
		3F88AF6A2196A22D005E489A /* AppDelegate.swift */ = {isa = PBXFileReference; lastKnownFileType = sourcecode.swift; path = AppDelegate.swift; sourceTree = "<group>"; };
		3F88AF6C2196A22D005E489A /* ViewController.swift */ = {isa = PBXFileReference; lastKnownFileType = sourcecode.swift; path = ViewController.swift; sourceTree = "<group>"; };
		3F88AF6F2196A22D005E489A /* Base */ = {isa = PBXFileReference; lastKnownFileType = file.storyboard; name = Base; path = Base.lproj/Main.storyboard; sourceTree = "<group>"; };
		3F88AF712196A22E005E489A /* Assets.xcassets */ = {isa = PBXFileReference; lastKnownFileType = folder.assetcatalog; path = Assets.xcassets; sourceTree = "<group>"; };
		3F88AF742196A22E005E489A /* Base */ = {isa = PBXFileReference; lastKnownFileType = file.storyboard; name = Base; path = Base.lproj/LaunchScreen.storyboard; sourceTree = "<group>"; };
		3F88AF762196A22E005E489A /* Info.plist */ = {isa = PBXFileReference; lastKnownFileType = text.plist.xml; path = Info.plist; sourceTree = "<group>"; };
		3F88AF7B2196A22E005E489A /* MyGuestureTests.xctest */ = {isa = PBXFileReference; explicitFileType = wrapper.cfbundle; includeInIndex = 0; path = MyGuestureTests.xctest; sourceTree = BUILT_PRODUCTS_DIR; };
		3F88AF7F2196A22E005E489A /* MyGuestureTests.swift */ = {isa = PBXFileReference; lastKnownFileType = sourcecode.swift; path = MyGuestureTests.swift; sourceTree = "<group>"; };
		3F88AF812196A22E005E489A /* Info.plist */ = {isa = PBXFileReference; lastKnownFileType = text.plist.xml; path = Info.plist; sourceTree = "<group>"; };
/* End PBXFileReference section */

/* Begin PBXFrameworksBuildPhase section */
		3F88AF642196A22D005E489A /* Frameworks */ = {
			isa = PBXFrameworksBuildPhase;
			buildActionMask = 2147483647;
			files = (
			);
			runOnlyForDeploymentPostprocessing = 0;
		};
		3F88AF782196A22E005E489A /* Frameworks */ = {
			isa = PBXFrameworksBuildPhase;
			buildActionMask = 2147483647;
			files = (
			);
			runOnlyForDeploymentPostprocessing = 0;
		};
/* End PBXFrameworksBuildPhase section */

/* Begin PBXGroup section */
		3F88AF5E2196A22D005E489A = {
			isa = PBXGroup;
			children = (
				3F88AF692196A22D005E489A /* MyGuesture */,
				3F88AF7E2196A22E005E489A /* MyGuestureTests */,
				3F88AF682196A22D005E489A /* Products */,
			);
			sourceTree = "<group>";
		};
		3F88AF682196A22D005E489A /* Products */ = {
			isa = PBXGroup;
			children = (
				3F88AF672196A22D005E489A /* MyGuesture.app */,
				3F88AF7B2196A22E005E489A /* MyGuestureTests.xctest */,
			);
			name = Products;
			sourceTree = "<group>";
		};
		3F88AF692196A22D005E489A /* MyGuesture */ = {
			isa = PBXGroup;
			children = (
				3F88AF6A2196A22D005E489A /* AppDelegate.swift */,
				3F88AF6C2196A22D005E489A /* ViewController.swift */,
				3F88AF6E2196A22D005E489A /* Main.storyboard */,
				3F88AF712196A22E005E489A /* Assets.xcassets */,
				3F88AF732196A22E005E489A /* LaunchScreen.storyboard */,
				3F88AF762196A22E005E489A /* Info.plist */,
			);
			path = MyGuesture;
			sourceTree = "<group>";
		};
		3F88AF7E2196A22E005E489A /* MyGuestureTests */ = {
			isa = PBXGroup;
			children = (
				3F88AF7F2196A22E005E489A /* MyGuestureTests.swift */,
				3F88AF812196A22E005E489A /* Info.plist */,
			);
			path = MyGuestureTests;
			sourceTree = "<group>";
		};
/* End PBXGroup section */

/* Begin PBXNativeTarget section */
		3F88AF662196A22D005E489A /* MyGuesture */ = {
			isa = PBXNativeTarget;
			buildConfigurationList = 3F88AF842196A22E005E489A /* Build configuration list for PBXNativeTarget "MyGuesture" */;
			buildPhases = (
				3F88AF632196A22D005E489A /* Sources */,
				3F88AF642196A22D005E489A /* Frameworks */,
				3F88AF652196A22D005E489A /* Resources */,
			);
			buildRules = (
			);
			dependencies = (
			);
			name = MyGuesture;
			productName = MyGuesture;
			productReference = 3F88AF672196A22D005E489A /* MyGuesture.app */;
			productType = "com.apple.product-type.application";
		};
		3F88AF7A2196A22E005E489A /* MyGuestureTests */ = {
			isa = PBXNativeTarget;
			buildConfigurationList = 3F88AF872196A22E005E489A /* Build configuration list for PBXNativeTarget "MyGuestureTests" */;
			buildPhases = (
				3F88AF772196A22E005E489A /* Sources */,
				3F88AF782196A22E005E489A /* Frameworks */,
				3F88AF792196A22E005E489A /* Resources */,
			);
			buildRules = (
			);
			dependencies = (
				3F88AF7D2196A22E005E489A /* PBXTargetDependency */,
			);
			name = MyGuestureTests;
			productName = MyGuestureTests;
			productReference = 3F88AF7B2196A22E005E489A /* MyGuestureTests.xctest */;
			productType = "com.apple.product-type.bundle.unit-test";
		};
/* End PBXNativeTarget section */

/* Begin PBXProject section */
		3F88AF5F2196A22D005E489A /* Project object */ = {
			isa = PBXProject;
			attributes = {
				LastSwiftUpdateCheck = 1000;
				LastUpgradeCheck = 1000;
				ORGANIZATIONNAME = "杨健";
				TargetAttributes = {
					3F88AF662196A22D005E489A = {
						CreatedOnToolsVersion = 10.0;
					};
					3F88AF7A2196A22E005E489A = {
						CreatedOnToolsVersion = 10.0;
						TestTargetID = 3F88AF662196A22D005E489A;
					};
				};
			};
			buildConfigurationList = 3F88AF622196A22D005E489A /* Build configuration list for PBXProject "MyGuesture" */;
			compatibilityVersion = "Xcode 9.3";
			developmentRegion = en;
			hasScannedForEncodings = 0;
			knownRegions = (
				en,
				Base,
			);
			mainGroup = 3F88AF5E2196A22D005E489A;
			productRefGroup = 3F88AF682196A22D005E489A /* Products */;
			projectDirPath = "";
			projectRoot = "";
			targets = (
				3F88AF662196A22D005E489A /* MyGuesture */,
				3F88AF7A2196A22E005E489A /* MyGuestureTests */,
			);
		};
/* End PBXProject section */

/* Begin PBXResourcesBuildPhase section */
		3F88AF652196A22D005E489A /* Resources */ = {
			isa = PBXResourcesBuildPhase;
			buildActionMask = 2147483647;
			files = (
				3F88AF752196A22E005E489A /* LaunchScreen.storyboard in Resources */,
				3F88AF722196A22E005E489A /* Assets.xcassets in Resources */,
				3F88AF702196A22D005E489A /* Main.storyboard in Resources */,
			);
			runOnlyForDeploymentPostprocessing = 0;
		};
		3F88AF792196A22E005E489A /* Resources */ = {
			isa = PBXResourcesBuildPhase;
			buildActionMask = 2147483647;
			files = (
			);
			runOnlyForDeploymentPostprocessing = 0;
		};
/* End PBXResourcesBuildPhase section */

/* Begin PBXSourcesBuildPhase section */
		3F88AF632196A22D005E489A /* Sources */ = {
			isa = PBXSourcesBuildPhase;
			buildActionMask = 2147483647;
			files = (
				3F88AF6D2196A22D005E489A /* ViewController.swift in Sources */,
				3F88AF6B2196A22D005E489A /* AppDelegate.swift in Sources */,
			);
			runOnlyForDeploymentPostprocessing = 0;
		};
		3F88AF772196A22E005E489A /* Sources */ = {
			isa = PBXSourcesBuildPhase;
			buildActionMask = 2147483647;
			files = (
				3F88AF802196A22E005E489A /* MyGuestureTests.swift in Sources */,
			);
			runOnlyForDeploymentPostprocessing = 0;
		};
/* End PBXSourcesBuildPhase section */

/* Begin PBXTargetDependency section */
		3F88AF7D2196A22E005E489A /* PBXTargetDependency */ = {
			isa = PBXTargetDependency;
			target = 3F88AF662196A22D005E489A /* MyGuesture */;
			targetProxy = 3F88AF7C2196A22E005E489A /* PBXContainerItemProxy */;
		};
/* End PBXTargetDependency section */

/* Begin PBXVariantGroup section */
		3F88AF6E2196A22D005E489A /* Main.storyboard */ = {
			isa = PBXVariantGroup;
			children = (
				3F88AF6F2196A22D005E489A /* Base */,
			);
			name = Main.storyboard;
			sourceTree = "<group>";
		};
		3F88AF732196A22E005E489A /* LaunchScreen.storyboard */ = {
			isa = PBXVariantGroup;
			children = (
				3F88AF742196A22E005E489A /* Base */,
			);
			name = LaunchScreen.storyboard;
			sourceTree = "<group>";
		};
/* End PBXVariantGroup section */

/* Begin XCBuildConfiguration section */
		3F88AF822196A22E005E489A /* Debug */ = {
			isa = XCBuildConfiguration;
			buildSettings = {
				ALWAYS_SEARCH_USER_PATHS = NO;
				CLANG_ANALYZER_NONNULL = YES;
				CLANG_ANALYZER_NUMBER_OBJECT_CONVERSION = YES_AGGRESSIVE;
				CLANG_CXX_LANGUAGE_STANDARD = "gnu++14";
				CLANG_CXX_LIBRARY = "libc++";
				CLANG_ENABLE_MODULES = YES;
				CLANG_ENABLE_OBJC_ARC = YES;
				CLANG_ENABLE_OBJC_WEAK = YES;
				CLANG_WARN_BLOCK_CAPTURE_AUTORELEASING = YES;
				CLANG_WARN_BOOL_CONVERSION = YES;
				CLANG_WARN_COMMA = YES;
				CLANG_WARN_CONSTANT_CONVERSION = YES;
				CLANG_WARN_DEPRECATED_OBJC_IMPLEMENTATIONS = YES;
				CLANG_WARN_DIRECT_OBJC_ISA_USAGE = YES_ERROR;
				CLANG_WARN_DOCUMENTATION_COMMENTS = YES;
				CLANG_WARN_EMPTY_BODY = YES;
				CLANG_WARN_ENUM_CONVERSION = YES;
				CLANG_WARN_INFINITE_RECURSION = YES;
				CLANG_WARN_INT_CONVERSION = YES;
				CLANG_WARN_NON_LITERAL_NULL_CONVERSION = YES;
				CLANG_WARN_OBJC_IMPLICIT_RETAIN_SELF = YES;
				CLANG_WARN_OBJC_LITERAL_CONVERSION = YES;
				CLANG_WARN_OBJC_ROOT_CLASS = YES_ERROR;
				CLANG_WARN_RANGE_LOOP_ANALYSIS = YES;
				CLANG_WARN_STRICT_PROTOTYPES = YES;
				CLANG_WARN_SUSPICIOUS_MOVE = YES;
				CLANG_WARN_UNGUARDED_AVAILABILITY = YES_AGGRESSIVE;
				CLANG_WARN_UNREACHABLE_CODE = YES;
				CLANG_WARN__DUPLICATE_METHOD_MATCH = YES;
				CODE_SIGN_IDENTITY = "iPhone Developer";
				COPY_PHASE_STRIP = NO;
				DEBUG_INFORMATION_FORMAT = dwarf;
				ENABLE_STRICT_OBJC_MSGSEND = YES;
				ENABLE_TESTABILITY = YES;
				GCC_C_LANGUAGE_STANDARD = gnu11;
				GCC_DYNAMIC_NO_PIC = NO;
				GCC_NO_COMMON_BLOCKS = YES;
				GCC_OPTIMIZATION_LEVEL = 0;
				GCC_PREPROCESSOR_DEFINITIONS = (
					"DEBUG=1",
					"$(inherited)",
				);
				GCC_WARN_64_TO_32_BIT_CONVERSION = YES;
				GCC_WARN_ABOUT_RETURN_TYPE = YES_ERROR;
				GCC_WARN_UNDECLARED_SELECTOR = YES;
				GCC_WARN_UNINITIALIZED_AUTOS = YES_AGGRESSIVE;
				GCC_WARN_UNUSED_FUNCTION = YES;
				GCC_WARN_UNUSED_VARIABLE = YES;
				IPHONEOS_DEPLOYMENT_TARGET = 12.0;
				MTL_ENABLE_DEBUG_INFO = INCLUDE_SOURCE;
				MTL_FAST_MATH = YES;
				ONLY_ACTIVE_ARCH = YES;
				SDKROOT = iphoneos;
				SWIFT_ACTIVE_COMPILATION_CONDITIONS = DEBUG;
				SWIFT_OPTIMIZATION_LEVEL = "-Onone";
			};
			name = Debug;
		};
		3F88AF832196A22E005E489A /* Release */ = {
			isa = XCBuildConfiguration;
			buildSettings = {
				ALWAYS_SEARCH_USER_PATHS = NO;
				CLANG_ANALYZER_NONNULL = YES;
				CLANG_ANALYZER_NUMBER_OBJECT_CONVERSION = YES_AGGRESSIVE;
				CLANG_CXX_LANGUAGE_STANDARD = "gnu++14";
				CLANG_CXX_LIBRARY = "libc++";
				CLANG_ENABLE_MODULES = YES;
				CLANG_ENABLE_OBJC_ARC = YES;
				CLANG_ENABLE_OBJC_WEAK = YES;
				CLANG_WARN_BLOCK_CAPTURE_AUTORELEASING = YES;
				CLANG_WARN_BOOL_CONVERSION = YES;
				CLANG_WARN_COMMA = YES;
				CLANG_WARN_CONSTANT_CONVERSION = YES;
				CLANG_WARN_DEPRECATED_OBJC_IMPLEMENTATIONS = YES;
				CLANG_WARN_DIRECT_OBJC_ISA_USAGE = YES_ERROR;
				CLANG_WARN_DOCUMENTATION_COMMENTS = YES;
				CLANG_WARN_EMPTY_BODY = YES;
				CLANG_WARN_ENUM_CONVERSION = YES;
				CLANG_WARN_INFINITE_RECURSION = YES;
				CLANG_WARN_INT_CONVERSION = YES;
				CLANG_WARN_NON_LITERAL_NULL_CONVERSION = YES;
				CLANG_WARN_OBJC_IMPLICIT_RETAIN_SELF = YES;
				CLANG_WARN_OBJC_LITERAL_CONVERSION = YES;
				CLANG_WARN_OBJC_ROOT_CLASS = YES_ERROR;
				CLANG_WARN_RANGE_LOOP_ANALYSIS = YES;
				CLANG_WARN_STRICT_PROTOTYPES = YES;
				CLANG_WARN_SUSPICIOUS_MOVE = YES;
				CLANG_WARN_UNGUARDED_AVAILABILITY = YES_AGGRESSIVE;
				CLANG_WARN_UNREACHABLE_CODE = YES;
				CLANG_WARN__DUPLICATE_METHOD_MATCH = YES;
				CODE_SIGN_IDENTITY = "iPhone Developer";
				COPY_PHASE_STRIP = NO;
				DEBUG_INFORMATION_FORMAT = "dwarf-with-dsym";
				ENABLE_NS_ASSERTIONS = NO;
				ENABLE_STRICT_OBJC_MSGSEND = YES;
				GCC_C_LANGUAGE_STANDARD = gnu11;
				GCC_NO_COMMON_BLOCKS = YES;
				GCC_WARN_64_TO_32_BIT_CONVERSION = YES;
				GCC_WARN_ABOUT_RETURN_TYPE = YES_ERROR;
				GCC_WARN_UNDECLARED_SELECTOR = YES;
				GCC_WARN_UNINITIALIZED_AUTOS = YES_AGGRESSIVE;
				GCC_WARN_UNUSED_FUNCTION = YES;
				GCC_WARN_UNUSED_VARIABLE = YES;
				IPHONEOS_DEPLOYMENT_TARGET = 12.0;
				MTL_ENABLE_DEBUG_INFO = NO;
				MTL_FAST_MATH = YES;
				SDKROOT = iphoneos;
				SWIFT_COMPILATION_MODE = wholemodule;
				SWIFT_OPTIMIZATION_LEVEL = "-O";
				VALIDATE_PRODUCT = YES;
			};
			name = Release;
		};
		3F88AF852196A22E005E489A /* Debug */ = {
			isa = XCBuildConfiguration;
			buildSettings = {
				ASSETCATALOG_COMPILER_APPICON_NAME = AppIcon;
				CODE_SIGN_STYLE = Automatic;
				INFOPLIST_FILE = MyGuesture/Info.plist;
				LD_RUNPATH_SEARCH_PATHS = (
					"$(inherited)",
					"@executable_path/Frameworks",
				);
				PRODUCT_BUNDLE_IDENTIFIER = "-016110348.MyGuesture";
				PRODUCT_NAME = "$(TARGET_NAME)";
				SWIFT_VERSION = 4.2;
				TARGETED_DEVICE_FAMILY = "1,2";
			};
			name = Debug;
		};
		3F88AF862196A22E005E489A /* Release */ = {
			isa = XCBuildConfiguration;
			buildSettings = {
				ASSETCATALOG_COMPILER_APPICON_NAME = AppIcon;
				CODE_SIGN_STYLE = Automatic;
				INFOPLIST_FILE = MyGuesture/Info.plist;
				LD_RUNPATH_SEARCH_PATHS = (
					"$(inherited)",
					"@executable_path/Frameworks",
				);
				PRODUCT_BUNDLE_IDENTIFIER = "-016110348.MyGuesture";
				PRODUCT_NAME = "$(TARGET_NAME)";
				SWIFT_VERSION = 4.2;
				TARGETED_DEVICE_FAMILY = "1,2";
			};
			name = Release;
		};
		3F88AF882196A22E005E489A /* Debug */ = {
			isa = XCBuildConfiguration;
			buildSettings = {
				ALWAYS_EMBED_SWIFT_STANDARD_LIBRARIES = YES;
				BUNDLE_LOADER = "$(TEST_HOST)";
				CODE_SIGN_STYLE = Automatic;
				INFOPLIST_FILE = MyGuestureTests/Info.plist;
				LD_RUNPATH_SEARCH_PATHS = (
					"$(inherited)",
					"@executable_path/Frameworks",
					"@loader_path/Frameworks",
				);
				PRODUCT_BUNDLE_IDENTIFIER = "-016110345.MyGuestureTests";
				PRODUCT_NAME = "$(TARGET_NAME)";
				SWIFT_VERSION = 4.2;
				TARGETED_DEVICE_FAMILY = "1,2";
				TEST_HOST = "$(BUILT_PRODUCTS_DIR)/MyGuesture.app/MyGuesture";
			};
			name = Debug;
		};
		3F88AF892196A22E005E489A /* Release */ = {
			isa = XCBuildConfiguration;
			buildSettings = {
				ALWAYS_EMBED_SWIFT_STANDARD_LIBRARIES = YES;
				BUNDLE_LOADER = "$(TEST_HOST)";
				CODE_SIGN_STYLE = Automatic;
				INFOPLIST_FILE = MyGuestureTests/Info.plist;
				LD_RUNPATH_SEARCH_PATHS = (
					"$(inherited)",
					"@executable_path/Frameworks",
					"@loader_path/Frameworks",
				);
				PRODUCT_BUNDLE_IDENTIFIER = "-016110345.MyGuestureTests";
				PRODUCT_NAME = "$(TARGET_NAME)";
				SWIFT_VERSION = 4.2;
				TARGETED_DEVICE_FAMILY = "1,2";
				TEST_HOST = "$(BUILT_PRODUCTS_DIR)/MyGuesture.app/MyGuesture";
			};
			name = Release;
		};
/* End XCBuildConfiguration section */

/* Begin XCConfigurationList section */
		3F88AF622196A22D005E489A /* Build configuration list for PBXProject "MyGuesture" */ = {
			isa = XCConfigurationList;
			buildConfigurations = (
				3F88AF822196A22E005E489A /* Debug */,
				3F88AF832196A22E005E489A /* Release */,
			);
			defaultConfigurationIsVisible = 0;
			defaultConfigurationName = Release;
		};
		3F88AF842196A22E005E489A /* Build configuration list for PBXNativeTarget "MyGuesture" */ = {
			isa = XCConfigurationList;
			buildConfigurations = (
				3F88AF852196A22E005E489A /* Debug */,
				3F88AF862196A22E005E489A /* Release */,
			);
			defaultConfigurationIsVisible = 0;
			defaultConfigurationName = Release;
		};
		3F88AF872196A22E005E489A /* Build configuration list for PBXNativeTarget "MyGuestureTests" */ = {
			isa = XCConfigurationList;
			buildConfigurations = (
				3F88AF882196A22E005E489A /* Debug */,
				3F88AF892196A22E005E489A /* Release */,
			);
			defaultConfigurationIsVisible = 0;
			defaultConfigurationName = Release;
		};
/* End XCConfigurationList section */
	};
	rootObject = 3F88AF5F2196A22D005E489A /* Project object */;
}
